
Microsoft Visual Studio Solution File, Format Version 12.00
# Visual Studio Version 16
VisualStudioVersion = 16.0.31624.102
MinimumVisualStudioVersion = 10.0.40219.1
Project("{9A19103F-16F7-4668-BE54-9A1E7A4F7556}") = "BoardService", "BoardService\BoardService.csproj", "{D08BAB67-BCE2-467E-95E7-B05786F1EE64}"
EndProject
Project("{9A19103F-16F7-4668-BE54-9A1E7A4F7556}") = "StateService", "StateService\StateService.csproj", "{54CC0113-CE24-461D-8746-C3C9086D907D}"
EndProject
Project("{9A19103F-16F7-4668-BE54-9A1E7A4F7556}") = "APIGateway", "APIGateway\APIGateway.csproj", "{A7B2D08D-280C-4B72-925C-167FC570D5F1}"
EndProject
Project("{9A19103F-16F7-4668-BE54-9A1E7A4F7556}") = "GBankService", "GBankService\GBankService.csproj", "{C496AA75-5069-4B66-BA85-0DE73A4E93D7}"
EndProject
Project("{FAE04EC0-301F-11D3-BF4B-00C04F79EFBC}") = "BoardUnitTest", "BoardUnitTest\BoardUnitTest.csproj", "{FC6EA0B9-A491-4BD4-94F4-7CC14DB7BF18}"
EndProject
Project("{FAE04EC0-301F-11D3-BF4B-00C04F79EFBC}") = "MicroServiceAppWMB.Board", "MicroServiceAppWMB.Board\MicroServiceAppWMB.Board.csproj", "{0D739C80-2764-4D1C-896A-2F14D81FF6FC}"
EndProject
Global
	GlobalSection(SolutionConfigurationPlatforms) = preSolution
		Debug|Any CPU = Debug|Any CPU
		Release|Any CPU = Release|Any CPU
	EndGlobalSection
	GlobalSection(ProjectConfigurationPlatforms) = postSolution
		{D08BAB67-BCE2-467E-95E7-B05786F1EE64}.Debug|Any CPU.ActiveCfg = Debug|Any CPU
		{D08BAB67-BCE2-467E-95E7-B05786F1EE64}.Debug|Any CPU.Build.0 = Debug|Any CPU
		{D08BAB67-BCE2-467E-95E7-B05786F1EE64}.Release|Any CPU.ActiveCfg = Release|Any CPU
		{D08BAB67-BCE2-467E-95E7-B05786F1EE64}.Release|Any CPU.Build.0 = Release|Any CPU
		{54CC0113-CE24-461D-8746-C3C9086D907D}.Debug|Any CPU.ActiveCfg = Debug|Any CPU
		{54CC0113-CE24-461D-8746-C3C9086D907D}.Debug|Any CPU.Build.0 = Debug|Any CPU
		{54CC0113-CE24-461D-8746-C3C9086D907D}.Release|Any CPU.ActiveCfg = Release|Any CPU
		{54CC0113-CE24-461D-8746-C3C9086D907D}.Release|Any CPU.Build.0 = Release|Any CPU
		{A7B2D08D-280C-4B72-925C-167FC570D5F1}.Debug|Any CPU.ActiveCfg = Debug|Any CPU
		{A7B2D08D-280C-4B72-925C-167FC570D5F1}.Debug|Any CPU.Build.0 = Debug|Any CPU
		{A7B2D08D-280C-4B72-925C-167FC570D5F1}.Release|Any CPU.ActiveCfg = Release|Any CPU
		{A7B2D08D-280C-4B72-925C-167FC570D5F1}.Release|Any CPU.Build.0 = Release|Any CPU
		{C496AA75-5069-4B66-BA85-0DE73A4E93D7}.Debug|Any CPU.ActiveCfg = Debug|Any CPU
		{C496AA75-5069-4B66-BA85-0DE73A4E93D7}.Debug|Any CPU.Build.0 = Debug|Any CPU
		{C496AA75-5069-4B66-BA85-0DE73A4E93D7}.Release|Any CPU.ActiveCfg = Release|Any CPU
		{C496AA75-5069-4B66-BA85-0DE73A4E93D7}.Release|Any CPU.Build.0 = Release|Any CPU
		{FC6EA0B9-A491-4BD4-94F4-7CC14DB7BF18}.Debug|Any CPU.ActiveCfg = Debug|Any CPU
		{FC6EA0B9-A491-4BD4-94F4-7CC14DB7BF18}.Debug|Any CPU.Build.0 = Debug|Any CPU
		{FC6EA0B9-A491-4BD4-94F4-7CC14DB7BF18}.Release|Any CPU.ActiveCfg = Release|Any CPU
		{FC6EA0B9-A491-4BD4-94F4-7CC14DB7BF18}.Release|Any CPU.Build.0 = Release|Any CPU
		{0D739C80-2764-4D1C-896A-2F14D81FF6FC}.Debug|Any CPU.ActiveCfg = Debug|Any CPU
		{0D739C80-2764-4D1C-896A-2F14D81FF6FC}.Debug|Any CPU.Build.0 = Debug|Any CPU
		{0D739C80-2764-4D1C-896A-2F14D81FF6FC}.Release|Any CPU.ActiveCfg = Release|Any CPU
		{0D739C80-2764-4D1C-896A-2F14D81FF6FC}.Release|Any CPU.Build.0 = Release|Any CPU
	EndGlobalSection
	GlobalSection(SolutionProperties) = preSolution
		HideSolutionNode = FALSE
	EndGlobalSection
	GlobalSection(ExtensibilityGlobals) = postSolution
		SolutionGuid = {9B50421B-0365-417D-90ED-FEA52BCD7DED}
	EndGlobalSection
EndGlobal
